// !$*UTF8*$!
{
	archiveVersion = 1;
	classes = {
	};
	objectVersion = 56;
	objects = {

/* Begin PBXBuildFile section */
		651DC8CF29626A9400556D07 /* MapKit.framework in Frameworks */ = {isa = PBXBuildFile; fileRef = 651DC8CE29626A9400556D07 /* MapKit.framework */; };
		651DC8D129626DCC00556D07 /* MapViewController.swift in Sources */ = {isa = PBXBuildFile; fileRef = 651DC8D029626DCC00556D07 /* MapViewController.swift */; };
		656DC36F295FBE8C009D5A56 /* AppDelegate.swift in Sources */ = {isa = PBXBuildFile; fileRef = 656DC36E295FBE8C009D5A56 /* AppDelegate.swift */; };
		656DC371295FBE8C009D5A56 /* SceneDelegate.swift in Sources */ = {isa = PBXBuildFile; fileRef = 656DC370295FBE8C009D5A56 /* SceneDelegate.swift */; };
		656DC376295FBE8C009D5A56 /* Main.storyboard in Resources */ = {isa = PBXBuildFile; fileRef = 656DC374295FBE8C009D5A56 /* Main.storyboard */; };
		656DC378295FBE8E009D5A56 /* Assets.xcassets in Resources */ = {isa = PBXBuildFile; fileRef = 656DC377295FBE8E009D5A56 /* Assets.xcassets */; };
		656DC37B295FBE8E009D5A56 /* LaunchScreen.storyboard in Resources */ = {isa = PBXBuildFile; fileRef = 656DC379295FBE8E009D5A56 /* LaunchScreen.storyboard */; };
		656DC386295FBE8E009D5A56 /* WorldTrotterTests.swift in Sources */ = {isa = PBXBuildFile; fileRef = 656DC385295FBE8E009D5A56 /* WorldTrotterTests.swift */; };
		656DC390295FBE8E009D5A56 /* WorldTrotterUITests.swift in Sources */ = {isa = PBXBuildFile; fileRef = 656DC38F295FBE8E009D5A56 /* WorldTrotterUITests.swift */; };
		656DC392295FBE8E009D5A56 /* WorldTrotterUITestsLaunchTests.swift in Sources */ = {isa = PBXBuildFile; fileRef = 656DC391295FBE8E009D5A56 /* WorldTrotterUITestsLaunchTests.swift */; };
		656DC39F295FCF8F009D5A56 /* ConversionViewController.swift in Sources */ = {isa = PBXBuildFile; fileRef = 656DC39E295FCF8F009D5A56 /* ConversionViewController.swift */; };
/* End PBXBuildFile section */

/* Begin PBXContainerItemProxy section */
		656DC382295FBE8E009D5A56 /* PBXContainerItemProxy */ = {
			isa = PBXContainerItemProxy;
			containerPortal = 656DC363295FBE8C009D5A56 /* Project object */;
			proxyType = 1;
			remoteGlobalIDString = 656DC36A295FBE8C009D5A56;
			remoteInfo = WorldTrotter;
		};
		656DC38C295FBE8E009D5A56 /* PBXContainerItemProxy */ = {
			isa = PBXContainerItemProxy;
			containerPortal = 656DC363295FBE8C009D5A56 /* Project object */;
			proxyType = 1;
			remoteGlobalIDString = 656DC36A295FBE8C009D5A56;
			remoteInfo = WorldTrotter;
		};
/* End PBXContainerItemProxy section */

/* Begin PBXFileReference section */
		651DC8CE29626A9400556D07 /* MapKit.framework */ = {isa = PBXFileReference; lastKnownFileType = wrapper.framework; name = MapKit.framework; path = System/Library/Frameworks/MapKit.framework; sourceTree = SDKROOT; };
		651DC8D029626DCC00556D07 /* MapViewController.swift */ = {isa = PBXFileReference; lastKnownFileType = sourcecode.swift; path = MapViewController.swift; sourceTree = "<group>"; };
		656DC36B295FBE8C009D5A56 /* WorldTrotter.app */ = {isa = PBXFileReference; explicitFileType = wrapper.application; includeInIndex = 0; path = WorldTrotter.app; sourceTree = BUILT_PRODUCTS_DIR; };
		656DC36E295FBE8C009D5A56 /* AppDelegate.swift */ = {isa = PBXFileReference; lastKnownFileType = sourcecode.swift; path = AppDelegate.swift; sourceTree = "<group>"; };
		656DC370295FBE8C009D5A56 /* SceneDelegate.swift */ = {isa = PBXFileReference; lastKnownFileType = sourcecode.swift; path = SceneDelegate.swift; sourceTree = "<group>"; };
		656DC375295FBE8C009D5A56 /* Base */ = {isa = PBXFileReference; lastKnownFileType = file.storyboard; name = Base; path = Base.lproj/Main.storyboard; sourceTree = "<group>"; };
		656DC377295FBE8E009D5A56 /* Assets.xcassets */ = {isa = PBXFileReference; lastKnownFileType = folder.assetcatalog; path = Assets.xcassets; sourceTree = "<group>"; };
		656DC37A295FBE8E009D5A56 /* Base */ = {isa = PBXFileReference; lastKnownFileType = file.storyboard; name = Base; path = Base.lproj/LaunchScreen.storyboard; sourceTree = "<group>"; };
		656DC37C295FBE8E009D5A56 /* Info.plist */ = {isa = PBXFileReference; lastKnownFileType = text.plist.xml; path = Info.plist; sourceTree = "<group>"; };
		656DC381295FBE8E009D5A56 /* WorldTrotterTests.xctest */ = {isa = PBXFileReference; explicitFileType = wrapper.cfbundle; includeInIndex = 0; path = WorldTrotterTests.xctest; sourceTree = BUILT_PRODUCTS_DIR; };
		656DC385295FBE8E009D5A56 /* WorldTrotterTests.swift */ = {isa = PBXFileReference; lastKnownFileType = sourcecode.swift; path = WorldTrotterTests.swift; sourceTree = "<group>"; };
		656DC38B295FBE8E009D5A56 /* WorldTrotterUITests.xctest */ = {isa = PBXFileReference; explicitFileType = wrapper.cfbundle; includeInIndex = 0; path = WorldTrotterUITests.xctest; sourceTree = BUILT_PRODUCTS_DIR; };
		656DC38F295FBE8E009D5A56 /* WorldTrotterUITests.swift */ = {isa = PBXFileReference; lastKnownFileType = sourcecode.swift; path = WorldTrotterUITests.swift; sourceTree = "<group>"; };
		656DC391295FBE8E009D5A56 /* WorldTrotterUITestsLaunchTests.swift */ = {isa = PBXFileReference; lastKnownFileType = sourcecode.swift; path = WorldTrotterUITestsLaunchTests.swift; sourceTree = "<group>"; };
		656DC39E295FCF8F009D5A56 /* ConversionViewController.swift */ = {isa = PBXFileReference; lastKnownFileType = sourcecode.swift; path = ConversionViewController.swift; sourceTree = "<group>"; };
/* End PBXFileReference section */

/* Begin PBXFrameworksBuildPhase section */
		656DC368295FBE8C009D5A56 /* Frameworks */ = {
			isa = PBXFrameworksBuildPhase;
			buildActionMask = 2147483647;
			files = (
				651DC8CF29626A9400556D07 /* MapKit.framework in Frameworks */,
			);
			runOnlyForDeploymentPostprocessing = 0;
		};
		656DC37E295FBE8E009D5A56 /* Frameworks */ = {
			isa = PBXFrameworksBuildPhase;
			buildActionMask = 2147483647;
			files = (
			);
			runOnlyForDeploymentPostprocessing = 0;
		};
		656DC388295FBE8E009D5A56 /* Frameworks */ = {
			isa = PBXFrameworksBuildPhase;
			buildActionMask = 2147483647;
			files = (
			);
			runOnlyForDeploymentPostprocessing = 0;
		};
/* End PBXFrameworksBuildPhase section */

/* Begin PBXGroup section */
		651DC8CD29626A9400556D07 /* Frameworks */ = {
			isa = PBXGroup;
			children = (
				651DC8CE29626A9400556D07 /* MapKit.framework */,
			);
			name = Frameworks;
			sourceTree = "<group>";
		};
		656DC362295FBE8C009D5A56 = {
			isa = PBXGroup;
			children = (
				656DC36D295FBE8C009D5A56 /* WorldTrotter */,
				656DC384295FBE8E009D5A56 /* WorldTrotterTests */,
				656DC38E295FBE8E009D5A56 /* WorldTrotterUITests */,
				656DC36C295FBE8C009D5A56 /* Products */,
				651DC8CD29626A9400556D07 /* Frameworks */,
			);
			sourceTree = "<group>";
		};
		656DC36C295FBE8C009D5A56 /* Products */ = {
			isa = PBXGroup;
			children = (
				656DC36B295FBE8C009D5A56 /* WorldTrotter.app */,
				656DC381295FBE8E009D5A56 /* WorldTrotterTests.xctest */,
				656DC38B295FBE8E009D5A56 /* WorldTrotterUITests.xctest */,
			);
			name = Products;
			sourceTree = "<group>";
		};
		656DC36D295FBE8C009D5A56 /* WorldTrotter */ = {
			isa = PBXGroup;
			children = (
				656DC36E295FBE8C009D5A56 /* AppDelegate.swift */,
				656DC370295FBE8C009D5A56 /* SceneDelegate.swift */,
				656DC39E295FCF8F009D5A56 /* ConversionViewController.swift */,
				651DC8D029626DCC00556D07 /* MapViewController.swift */,
				656DC374295FBE8C009D5A56 /* Main.storyboard */,
				656DC379295FBE8E009D5A56 /* LaunchScreen.storyboard */,
				656DC377295FBE8E009D5A56 /* Assets.xcassets */,
				656DC37C295FBE8E009D5A56 /* Info.plist */,
			);
			path = WorldTrotter;
			sourceTree = "<group>";
		};
		656DC384295FBE8E009D5A56 /* WorldTrotterTests */ = {
			isa = PBXGroup;
			children = (
				656DC385295FBE8E009D5A56 /* WorldTrotterTests.swift */,
			);
			path = WorldTrotterTests;
			sourceTree = "<group>";
		};
		656DC38E295FBE8E009D5A56 /* WorldTrotterUITests */ = {
			isa = PBXGroup;
			children = (
				656DC38F295FBE8E009D5A56 /* WorldTrotterUITests.swift */,
				656DC391295FBE8E009D5A56 /* WorldTrotterUITestsLaunchTests.swift */,
			);
			path = WorldTrotterUITests;
			sourceTree = "<group>";
		};
/* End PBXGroup section */

/* Begin PBXNativeTarget section */
		656DC36A295FBE8C009D5A56 /* WorldTrotter */ = {
			isa = PBXNativeTarget;
			buildConfigurationList = 656DC395295FBE8E009D5A56 /* Build configuration list for PBXNativeTarget "WorldTrotter" */;
			buildPhases = (
				656DC367295FBE8C009D5A56 /* Sources */,
				656DC368295FBE8C009D5A56 /* Frameworks */,
				656DC369295FBE8C009D5A56 /* Resources */,
			);
			buildRules = (
			);
			dependencies = (
			);
			name = WorldTrotter;
			productName = WorldTrotter;
			productReference = 656DC36B295FBE8C009D5A56 /* WorldTrotter.app */;
			productType = "com.apple.product-type.application";
		};
		656DC380295FBE8E009D5A56 /* WorldTrotterTests */ = {
			isa = PBXNativeTarget;
			buildConfigurationList = 656DC398295FBE8E009D5A56 /* Build configuration list for PBXNativeTarget "WorldTrotterTests" */;
			buildPhases = (
				656DC37D295FBE8E009D5A56 /* Sources */,
				656DC37E295FBE8E009D5A56 /* Frameworks */,
				656DC37F295FBE8E009D5A56 /* Resources */,
			);
			buildRules = (
			);
			dependencies = (
				656DC383295FBE8E009D5A56 /* PBXTargetDependency */,
			);
			name = WorldTrotterTests;
			productName = WorldTrotterTests;
			productReference = 656DC381295FBE8E009D5A56 /* WorldTrotterTests.xctest */;
			productType = "com.apple.product-type.bundle.unit-test";
		};
		656DC38A295FBE8E009D5A56 /* WorldTrotterUITests */ = {
			isa = PBXNativeTarget;
			buildConfigurationList = 656DC39B295FBE8E009D5A56 /* Build configuration list for PBXNativeTarget "WorldTrotterUITests" */;
			buildPhases = (
				656DC387295FBE8E009D5A56 /* Sources */,
				656DC388295FBE8E009D5A56 /* Frameworks */,
				656DC389295FBE8E009D5A56 /* Resources */,
			);
			buildRules = (
			);
			dependencies = (
				656DC38D295FBE8E009D5A56 /* PBXTargetDependency */,
			);
			name = WorldTrotterUITests;
			productName = WorldTrotterUITests;
			productReference = 656DC38B295FBE8E009D5A56 /* WorldTrotterUITests.xctest */;
			productType = "com.apple.product-type.bundle.ui-testing";
		};
/* End PBXNativeTarget section */

/* Begin PBXProject section */
		656DC363295FBE8C009D5A56 /* Project object */ = {
			isa = PBXProject;
			attributes = {
				BuildIndependentTargetsInParallel = 1;
				LastSwiftUpdateCheck = 1420;
				LastUpgradeCheck = 1420;
				TargetAttributes = {
					656DC36A295FBE8C009D5A56 = {
						CreatedOnToolsVersion = 14.2;
					};
					656DC380295FBE8E009D5A56 = {
						CreatedOnToolsVersion = 14.2;
						TestTargetID = 656DC36A295FBE8C009D5A56;
					};
					656DC38A295FBE8E009D5A56 = {
						CreatedOnToolsVersion = 14.2;
						TestTargetID = 656DC36A295FBE8C009D5A56;
					};
				};
			};
			buildConfigurationList = 656DC366295FBE8C009D5A56 /* Build configuration list for PBXProject "WorldTrotter" */;
			compatibilityVersion = "Xcode 14.0";
			developmentRegion = en;
			hasScannedForEncodings = 0;
			knownRegions = (
				en,
				Base,
			);
			mainGroup = 656DC362295FBE8C009D5A56;
			productRefGroup = 656DC36C295FBE8C009D5A56 /* Products */;
			projectDirPath = "";
			projectRoot = "";
			targets = (
				656DC36A295FBE8C009D5A56 /* WorldTrotter */,
				656DC380295FBE8E009D5A56 /* WorldTrotterTests */,
				656DC38A295FBE8E009D5A56 /* WorldTrotterUITests */,
			);
		};
/* End PBXProject section */

/* Begin PBXResourcesBuildPhase section */
		656DC369295FBE8C009D5A56 /* Resources */ = {
			isa = PBXResourcesBuildPhase;
			buildActionMask = 2147483647;
			files = (
				656DC37B295FBE8E009D5A56 /* LaunchScreen.storyboard in Resources */,
				656DC378295FBE8E009D5A56 /* Assets.xcassets in Resources */,
				656DC376295FBE8C009D5A56 /* Main.storyboard in Resources */,
			);
			runOnlyForDeploymentPostprocessing = 0;
		};
		656DC37F295FBE8E009D5A56 /* Resources */ = {
			isa = PBXResourcesBuildPhase;
			buildActionMask = 2147483647;
			files = (
			);
			runOnlyForDeploymentPostprocessing = 0;
		};
		656DC389295FBE8E009D5A56 /* Resources */ = {
			isa = PBXResourcesBuildPhase;
			buildActionMask = 2147483647;
			files = (
			);
			runOnlyForDeploymentPostprocessing = 0;
		};
/* End PBXResourcesBuildPhase section */

/* Begin PBXSourcesBuildPhase section */
		656DC367295FBE8C009D5A56 /* Sources */ = {
			isa = PBXSourcesBuildPhase;
			buildActionMask = 2147483647;
			files = (
				656DC36F295FBE8C009D5A56 /* AppDelegate.swift in Sources */,
				656DC39F295FCF8F009D5A56 /* ConversionViewController.swift in Sources */,
				656DC371295FBE8C009D5A56 /* SceneDelegate.swift in Sources */,
				651DC8D129626DCC00556D07 /* MapViewController.swift in Sources */,
			);
			runOnlyForDeploymentPostprocessing = 0;
		};
		656DC37D295FBE8E009D5A56 /* Sources */ = {
			isa = PBXSourcesBuildPhase;
			buildActionMask = 2147483647;
			files = (
				656DC386295FBE8E009D5A56 /* WorldTrotterTests.swift in Sources */,
			);
			runOnlyForDeploymentPostprocessing = 0;
		};
		656DC387295FBE8E009D5A56 /* Sources */ = {
			isa = PBXSourcesBuildPhase;
			buildActionMask = 2147483647;
			files = (
				656DC392295FBE8E009D5A56 /* WorldTrotterUITestsLaunchTests.swift in Sources */,
				656DC390295FBE8E009D5A56 /* WorldTrotterUITests.swift in Sources */,
			);
			runOnlyForDeploymentPostprocessing = 0;
		};
/* End PBXSourcesBuildPhase section */

/* Begin PBXTargetDependency section */
		656DC383295FBE8E009D5A56 /* PBXTargetDependency */ = {
			isa = PBXTargetDependency;
			target = 656DC36A295FBE8C009D5A56 /* WorldTrotter */;
			targetProxy = 656DC382295FBE8E009D5A56 /* PBXContainerItemProxy */;
		};
		656DC38D295FBE8E009D5A56 /* PBXTargetDependency */ = {
			isa = PBXTargetDependency;
			target = 656DC36A295FBE8C009D5A56 /* WorldTrotter */;
			targetProxy = 656DC38C295FBE8E009D5A56 /* PBXContainerItemProxy */;
		};
/* End PBXTargetDependency section */

/* Begin PBXVariantGroup section */
		656DC374295FBE8C009D5A56 /* Main.storyboard */ = {
			isa = PBXVariantGroup;
			children = (
				656DC375295FBE8C009D5A56 /* Base */,
			);
			name = Main.storyboard;
			sourceTree = "<group>";
		};
		656DC379295FBE8E009D5A56 /* LaunchScreen.storyboard */ = {
			isa = PBXVariantGroup;
			children = (
				656DC37A295FBE8E009D5A56 /* Base */,
			);
			name = LaunchScreen.storyboard;
			sourceTree = "<group>";
		};
/* End PBXVariantGroup section */

/* Begin XCBuildConfiguration section */
		656DC393295FBE8E009D5A56 /* Debug */ = {
			isa = XCBuildConfiguration;
			buildSettings = {
				ALWAYS_SEARCH_USER_PATHS = NO;
				CLANG_ANALYZER_NONNULL = YES;
				CLANG_ANALYZER_NUMBER_OBJECT_CONVERSION = YES_AGGRESSIVE;
				CLANG_CXX_LANGUAGE_STANDARD = "gnu++20";
				CLANG_ENABLE_MODULES = YES;
				CLANG_ENABLE_OBJC_ARC = YES;
				CLANG_ENABLE_OBJC_WEAK = YES;
				CLANG_WARN_BLOCK_CAPTURE_AUTORELEASING = YES;
				CLANG_WARN_BOOL_CONVERSION = YES;
				CLANG_WARN_COMMA = YES;
				CLANG_WARN_CONSTANT_CONVERSION = YES;
				CLANG_WARN_DEPRECATED_OBJC_IMPLEMENTATIONS = YES;
				CLANG_WARN_DIRECT_OBJC_ISA_USAGE = YES_ERROR;
				CLANG_WARN_DOCUMENTATION_COMMENTS = YES;
				CLANG_WARN_EMPTY_BODY = YES;
				CLANG_WARN_ENUM_CONVERSION = YES;
				CLANG_WARN_INFINITE_RECURSION = YES;
				CLANG_WARN_INT_CONVERSION = YES;
				CLANG_WARN_NON_LITERAL_NULL_CONVERSION = YES;
				CLANG_WARN_OBJC_IMPLICIT_RETAIN_SELF = YES;
				CLANG_WARN_OBJC_LITERAL_CONVERSION = YES;
				CLANG_WARN_OBJC_ROOT_CLASS = YES_ERROR;
				CLANG_WARN_QUOTED_INCLUDE_IN_FRAMEWORK_HEADER = YES;
				CLANG_WARN_RANGE_LOOP_ANALYSIS = YES;
				CLANG_WARN_STRICT_PROTOTYPES = YES;
				CLANG_WARN_SUSPICIOUS_MOVE = YES;
				CLANG_WARN_UNGUARDED_AVAILABILITY = YES_AGGRESSIVE;
				CLANG_WARN_UNREACHABLE_CODE = YES;
				CLANG_WARN__DUPLICATE_METHOD_MATCH = YES;
				COPY_PHASE_STRIP = NO;
				DEBUG_INFORMATION_FORMAT = dwarf;
				ENABLE_STRICT_OBJC_MSGSEND = YES;
				ENABLE_TESTABILITY = YES;
				GCC_C_LANGUAGE_STANDARD = gnu11;
				GCC_DYNAMIC_NO_PIC = NO;
				GCC_NO_COMMON_BLOCKS = YES;
				GCC_OPTIMIZATION_LEVEL = 0;
				GCC_PREPROCESSOR_DEFINITIONS = (
					"DEBUG=1",
					"$(inherited)",
				);
				GCC_WARN_64_TO_32_BIT_CONVERSION = YES;
				GCC_WARN_ABOUT_RETURN_TYPE = YES_ERROR;
				GCC_WARN_UNDECLARED_SELECTOR = YES;
				GCC_WARN_UNINITIALIZED_AUTOS = YES_AGGRESSIVE;
				GCC_WARN_UNUSED_FUNCTION = YES;
				GCC_WARN_UNUSED_VARIABLE = YES;
				IPHONEOS_DEPLOYMENT_TARGET = 16.2;
				MTL_ENABLE_DEBUG_INFO = INCLUDE_SOURCE;
				MTL_FAST_MATH = YES;
				ONLY_ACTIVE_ARCH = YES;
				SDKROOT = iphoneos;
				SWIFT_ACTIVE_COMPILATION_CONDITIONS = DEBUG;
				SWIFT_OPTIMIZATION_LEVEL = "-Onone";
			};
			name = Debug;
		};
		656DC394295FBE8E009D5A56 /* Release */ = {
			isa = XCBuildConfiguration;
			buildSettings = {
				ALWAYS_SEARCH_USER_PATHS = NO;
				CLANG_ANALYZER_NONNULL = YES;
				CLANG_ANALYZER_NUMBER_OBJECT_CONVERSION = YES_AGGRESSIVE;
				CLANG_CXX_LANGUAGE_STANDARD = "gnu++20";
				CLANG_ENABLE_MODULES = YES;
				CLANG_ENABLE_OBJC_ARC = YES;
				CLANG_ENABLE_OBJC_WEAK = YES;
				CLANG_WARN_BLOCK_CAPTURE_AUTORELEASING = YES;
				CLANG_WARN_BOOL_CONVERSION = YES;
				CLANG_WARN_COMMA = YES;
				CLANG_WARN_CONSTANT_CONVERSION = YES;
				CLANG_WARN_DEPRECATED_OBJC_IMPLEMENTATIONS = YES;
				CLANG_WARN_DIRECT_OBJC_ISA_USAGE = YES_ERROR;
				CLANG_WARN_DOCUMENTATION_COMMENTS = YES;
				CLANG_WARN_EMPTY_BODY = YES;
				CLANG_WARN_ENUM_CONVERSION = YES;
				CLANG_WARN_INFINITE_RECURSION = YES;
				CLANG_WARN_INT_CONVERSION = YES;
				CLANG_WARN_NON_LITERAL_NULL_CONVERSION = YES;
				CLANG_WARN_OBJC_IMPLICIT_RETAIN_SELF = YES;
				CLANG_WARN_OBJC_LITERAL_CONVERSION = YES;
				CLANG_WARN_OBJC_ROOT_CLASS = YES_ERROR;
				CLANG_WARN_QUOTED_INCLUDE_IN_FRAMEWORK_HEADER = YES;
				CLANG_WARN_RANGE_LOOP_ANALYSIS = YES;
				CLANG_WARN_STRICT_PROTOTYPES = YES;
				CLANG_WARN_SUSPICIOUS_MOVE = YES;
				CLANG_WARN_UNGUARDED_AVAILABILITY = YES_AGGRESSIVE;
				CLANG_WARN_UNREACHABLE_CODE = YES;
				CLANG_WARN__DUPLICATE_METHOD_MATCH = YES;
				COPY_PHASE_STRIP = NO;
				DEBUG_INFORMATION_FORMAT = "dwarf-with-dsym";
				ENABLE_NS_ASSERTIONS = NO;
				ENABLE_STRICT_OBJC_MSGSEND = YES;
				GCC_C_LANGUAGE_STANDARD = gnu11;
				GCC_NO_COMMON_BLOCKS = YES;
				GCC_WARN_64_TO_32_BIT_CONVERSION = YES;
				GCC_WARN_ABOUT_RETURN_TYPE = YES_ERROR;
				GCC_WARN_UNDECLARED_SELECTOR = YES;
				GCC_WARN_UNINITIALIZED_AUTOS = YES_AGGRESSIVE;
				GCC_WARN_UNUSED_FUNCTION = YES;
				GCC_WARN_UNUSED_VARIABLE = YES;
				IPHONEOS_DEPLOYMENT_TARGET = 16.2;
				MTL_ENABLE_DEBUG_INFO = NO;
				MTL_FAST_MATH = YES;
				SDKROOT = iphoneos;
				SWIFT_COMPILATION_MODE = wholemodule;
				SWIFT_OPTIMIZATION_LEVEL = "-O";
				VALIDATE_PRODUCT = YES;
			};
			name = Release;
		};
		656DC396295FBE8E009D5A56 /* Debug */ = {
			isa = XCBuildConfiguration;
			buildSettings = {
				ASSETCATALOG_COMPILER_APPICON_NAME = AppIcon;
				ASSETCATALOG_COMPILER_GLOBAL_ACCENT_COLOR_NAME = AccentColor;
				CODE_SIGN_STYLE = Automatic;
				CURRENT_PROJECT_VERSION = 1;
				GENERATE_INFOPLIST_FILE = YES;
				INFOPLIST_FILE = WorldTrotter/Info.plist;
				INFOPLIST_KEY_UIApplicationSupportsIndirectInputEvents = YES;
				INFOPLIST_KEY_UILaunchStoryboardName = LaunchScreen;
				INFOPLIST_KEY_UIMainStoryboardFile = Main;
				INFOPLIST_KEY_UISupportedInterfaceOrientations_iPad = "UIInterfaceOrientationPortrait UIInterfaceOrientationPortraitUpsideDown UIInterfaceOrientationLandscapeLeft UIInterfaceOrientationLandscapeRight";
				INFOPLIST_KEY_UISupportedInterfaceOrientations_iPhone = "UIInterfaceOrientationPortrait UIInterfaceOrientationLandscapeLeft UIInterfaceOrientationLandscapeRight";
				LD_RUNPATH_SEARCH_PATHS = (
					"$(inherited)",
					"@executable_path/Frameworks",
				);
				MARKETING_VERSION = 1.0;
				PRODUCT_BUNDLE_IDENTIFIER = com.Albus.WorldTrotter;
				PRODUCT_NAME = "$(TARGET_NAME)";
				SWIFT_EMIT_LOC_STRINGS = YES;
				SWIFT_VERSION = 5.0;
				TARGETED_DEVICE_FAMILY = "1,2";
			};
			name = Debug;
		};
		656DC397295FBE8E009D5A56 /* Release */ = {
			isa = XCBuildConfiguration;
			buildSettings = {
				ASSETCATALOG_COMPILER_APPICON_NAME = AppIcon;
				ASSETCATALOG_COMPILER_GLOBAL_ACCENT_COLOR_NAME = AccentColor;
				CODE_SIGN_STYLE = Automatic;
				CURRENT_PROJECT_VERSION = 1;
				GENERATE_INFOPLIST_FILE = YES;
				INFOPLIST_FILE = WorldTrotter/Info.plist;
				INFOPLIST_KEY_UIApplicationSupportsIndirectInputEvents = YES;
				INFOPLIST_KEY_UILaunchStoryboardName = LaunchScreen;
				INFOPLIST_KEY_UIMainStoryboardFile = Main;
				INFOPLIST_KEY_UISupportedInterfaceOrientations_iPad = "UIInterfaceOrientationPortrait UIInterfaceOrientationPortraitUpsideDown UIInterfaceOrientationLandscapeLeft UIInterfaceOrientationLandscapeRight";
				INFOPLIST_KEY_UISupportedInterfaceOrientations_iPhone = "UIInterfaceOrientationPortrait UIInterfaceOrientationLandscapeLeft UIInterfaceOrientationLandscapeRight";
				LD_RUNPATH_SEARCH_PATHS = (
					"$(inherited)",
					"@executable_path/Frameworks",
				);
				MARKETING_VERSION = 1.0;
				PRODUCT_BUNDLE_IDENTIFIER = com.Albus.WorldTrotter;
				PRODUCT_NAME = "$(TARGET_NAME)";
				SWIFT_EMIT_LOC_STRINGS = YES;
				SWIFT_VERSION = 5.0;
				TARGETED_DEVICE_FAMILY = "1,2";
			};
			name = Release;
		};
		656DC399295FBE8E009D5A56 /* Debug */ = {
			isa = XCBuildConfiguration;
			buildSettings = {
				ALWAYS_EMBED_SWIFT_STANDARD_LIBRARIES = YES;
				BUNDLE_LOADER = "$(TEST_HOST)";
				CODE_SIGN_STYLE = Automatic;
				CURRENT_PROJECT_VERSION = 1;
				GENERATE_INFOPLIST_FILE = YES;
				IPHONEOS_DEPLOYMENT_TARGET = 16.2;
				MARKETING_VERSION = 1.0;
				PRODUCT_BUNDLE_IDENTIFIER = com.Albus.WorldTrotterTests;
				PRODUCT_NAME = "$(TARGET_NAME)";
				SWIFT_EMIT_LOC_STRINGS = NO;
				SWIFT_VERSION = 5.0;
				TARGETED_DEVICE_FAMILY = "1,2";
				TEST_HOST = "$(BUILT_PRODUCTS_DIR)/WorldTrotter.app/$(BUNDLE_EXECUTABLE_FOLDER_PATH)/WorldTrotter";
			};
			name = Debug;
		};
		656DC39A295FBE8E009D5A56 /* Release */ = {
			isa = XCBuildConfiguration;
			buildSettings = {
				ALWAYS_EMBED_SWIFT_STANDARD_LIBRARIES = YES;
				BUNDLE_LOADER = "$(TEST_HOST)";
				CODE_SIGN_STYLE = Automatic;
				CURRENT_PROJECT_VERSION = 1;
				GENERATE_INFOPLIST_FILE = YES;
				IPHONEOS_DEPLOYMENT_TARGET = 16.2;
				MARKETING_VERSION = 1.0;
				PRODUCT_BUNDLE_IDENTIFIER = com.Albus.WorldTrotterTests;
				PRODUCT_NAME = "$(TARGET_NAME)";
				SWIFT_EMIT_LOC_STRINGS = NO;
				SWIFT_VERSION = 5.0;
				TARGETED_DEVICE_FAMILY = "1,2";
				TEST_HOST = "$(BUILT_PRODUCTS_DIR)/WorldTrotter.app/$(BUNDLE_EXECUTABLE_FOLDER_PATH)/WorldTrotter";
			};
			name = Release;
		};
		656DC39C295FBE8E009D5A56 /* Debug */ = {
			isa = XCBuildConfiguration;
			buildSettings = {
				ALWAYS_EMBED_SWIFT_STANDARD_LIBRARIES = YES;
				CODE_SIGN_STYLE = Automatic;
				CURRENT_PROJECT_VERSION = 1;
				GENERATE_INFOPLIST_FILE = YES;
				MARKETING_VERSION = 1.0;
				PRODUCT_BUNDLE_IDENTIFIER = com.Albus.WorldTrotterUITests;
				PRODUCT_NAME = "$(TARGET_NAME)";
				SWIFT_EMIT_LOC_STRINGS = NO;
				SWIFT_VERSION = 5.0;
				TARGETED_DEVICE_FAMILY = "1,2";
				TEST_TARGET_NAME = WorldTrotter;
			};
			name = Debug;
		};
		656DC39D295FBE8E009D5A56 /* Release */ = {
			isa = XCBuildConfiguration;
			buildSettings = {
				ALWAYS_EMBED_SWIFT_STANDARD_LIBRARIES = YES;
				CODE_SIGN_STYLE = Automatic;
				CURRENT_PROJECT_VERSION = 1;
				GENERATE_INFOPLIST_FILE = YES;
				MARKETING_VERSION = 1.0;
				PRODUCT_BUNDLE_IDENTIFIER = com.Albus.WorldTrotterUITests;
				PRODUCT_NAME = "$(TARGET_NAME)";
				SWIFT_EMIT_LOC_STRINGS = NO;
				SWIFT_VERSION = 5.0;
				TARGETED_DEVICE_FAMILY = "1,2";
				TEST_TARGET_NAME = WorldTrotter;
			};
			name = Release;
		};
/* End XCBuildConfiguration section */

/* Begin XCConfigurationList section */
		656DC366295FBE8C009D5A56 /* Build configuration list for PBXProject "WorldTrotter" */ = {
			isa = XCConfigurationList;
			buildConfigurations = (
				656DC393295FBE8E009D5A56 /* Debug */,
				656DC394295FBE8E009D5A56 /* Release */,
			);
			defaultConfigurationIsVisible = 0;
			defaultConfigurationName = Release;
		};
		656DC395295FBE8E009D5A56 /* Build configuration list for PBXNativeTarget "WorldTrotter" */ = {
			isa = XCConfigurationList;
			buildConfigurations = (
				656DC396295FBE8E009D5A56 /* Debug */,
				656DC397295FBE8E009D5A56 /* Release */,
			);
			defaultConfigurationIsVisible = 0;
			defaultConfigurationName = Release;
		};
		656DC398295FBE8E009D5A56 /* Build configuration list for PBXNativeTarget "WorldTrotterTests" */ = {
			isa = XCConfigurationList;
			buildConfigurations = (
				656DC399295FBE8E009D5A56 /* Debug */,
				656DC39A295FBE8E009D5A56 /* Release */,
			);
			defaultConfigurationIsVisible = 0;
			defaultConfigurationName = Release;
		};
		656DC39B295FBE8E009D5A56 /* Build configuration list for PBXNativeTarget "WorldTrotterUITests" */ = {
			isa = XCConfigurationList;
			buildConfigurations = (
				656DC39C295FBE8E009D5A56 /* Debug */,
				656DC39D295FBE8E009D5A56 /* Release */,
			);
			defaultConfigurationIsVisible = 0;
			defaultConfigurationName = Release;
		};
/* End XCConfigurationList section */
	};
	rootObject = 656DC363295FBE8C009D5A56 /* Project object */;
}
